{
  "name": "moazirfan",
  "version": "1.1.0",
  "lockfileVersion": 2,
  "requires": true,
  "packages": {
    "": {
      "name": "moazirfan",
      "version": "1.1.0",
      "dependencies": {
        "moazirfan": "^1.1.0"
      },
      "bin": {
        "moazirfan": "index.js"
      }
    },
    "node_modules/moazirfan": {
      "version": "1.1.0",
      "resolved": "https://registry.npmjs.org/moazirfan/-/moazirfan-1.1.0.tgz",
      "integrity": "sha512-y2NlBoLUowYmNhUU+US5OPENpadlFMix8qMMJoc/YwwE58oQ4ZeDnObuQgaKG4SPEtG5zuPyiGhx54wW4A3Yjw==",
      "dependencies": {
        "moazirfan": "^1.0.0"
      },
      "bin": {
        "moazirfan": "index.js"
      }
    }
  },
  "dependencies": {
    "moazirfan": {
      "version": "1.1.0",
      "resolved": "https://registry.npmjs.org/moazirfan/-/moazirfan-1.1.0.tgz",
      "integrity": "sha512-y2NlBoLUowYmNhUU+US5OPENpadlFMix8qMMJoc/YwwE58oQ4ZeDnObuQgaKG4SPEtG5zuPyiGhx54wW4A3Yjw==",
      "requires": {
        "moazirfan": "^1.0.0"
      }
    }
  }
}
